
Microsoft Visual Studio Solution File, Format Version 12.00
# Visual Studio 15
VisualStudioVersion = 15.0.26228.64
MinimumVisualStudioVersion = 10.0.40219.1
Project("{FAE04EC0-301F-11D3-BF4B-00C04F79EFBC}") = "NeoSistem.MakinaTurkiye.Management", "NeoSistem.MakinaTurkiye.Management\NeoSistem.MakinaTurkiye.Management.csproj", "{84309D68-1C0C-44C0-B118-4786BC1D19C3}"
EndProject
Project("{FAE04EC0-301F-11D3-BF4B-00C04F79EFBC}") = "NeoSistem.MakinaTurkiye.Core", "NeoSistem.MakinaTurkiye.Core\NeoSistem.MakinaTurkiye.Core.csproj", "{2AB87953-145F-4334-BB14-E7D1FBB466B0}"
EndProject
Project("{2150E333-8FDC-42A3-9474-1A3956D46DE8}") = "EnterpriseEntity", "EnterpriseEntity", "{CB4D9843-59FC-4971-A662-E338ADE50B53}"
EndProject
Project("{FAE04EC0-301F-11D3-BF4B-00C04F79EFBC}") = "NeoSistem.EnterpriseEntity.Business", "NeoSistem.EnterpriseEntity.Business\NeoSistem.EnterpriseEntity.Business.csproj", "{54138AEC-6D2A-4CED-A2BA-CB88AE77BD8D}"
EndProject
Project("{FAE04EC0-301F-11D3-BF4B-00C04F79EFBC}") = "NeoSistem.EnterpriseEntity.Core", "NeoSistem.EnterpriseEntity.Core\NeoSistem.EnterpriseEntity.Core.csproj", "{31D330E6-934C-4A83-86D5-404B75A540C8}"
EndProject
Project("{FAE04EC0-301F-11D3-BF4B-00C04F79EFBC}") = "NeoSistem.MakinaTurkiye.BaseModule", "NeoSistem.MakinaTurkiye.BaseModule\NeoSistem.MakinaTurkiye.BaseModule.csproj", "{3CB43123-8033-4C59-982F-8A8EB5DE8AFA}"
EndProject
Project("{FAE04EC0-301F-11D3-BF4B-00C04F79EFBC}") = "NeoSistem.EnterpriseEntity.DataCache", "NeoSistem.EnterpriseEntity.DataCache\NeoSistem.EnterpriseEntity.DataCache.csproj", "{ABC10540-0B80-4703-BF99-746C1D0113A8}"
EndProject
Project("{FAE04EC0-301F-11D3-BF4B-00C04F79EFBC}") = "NeoSistem.MakinaTurkiye.ServiceExchange", "NeoSistem.MakinaTurkiye.ServiceExchange\NeoSistem.MakinaTurkiye.ServiceExchange.csproj", "{65102C3E-5FC0-43E1-B5BA-FEC8E5E59ACD}"
EndProject
Project("{FAE04EC0-301F-11D3-BF4B-00C04F79EFBC}") = "MakinaTurkiye.WebNew", "MakinaTurkiye.WebNew\MakinaTurkiye.WebNew.csproj", "{F8FF8158-4199-4119-ADEA-4D0522E29732}"
EndProject
Project("{2150E333-8FDC-42A3-9474-1A3956D46DE8}") = "WebSite", "WebSite", "{08981DA8-1288-4B67-87D2-25D021BBFC4B}"
EndProject
Project("{2150E333-8FDC-42A3-9474-1A3956D46DE8}") = "Utilities", "Utilities", "{1B29897E-F21B-4133-9246-D8EEFBD175C9}"
EndProject
Project("{FAE04EC0-301F-11D3-BF4B-00C04F79EFBC}") = "BulkImageResizeTool", "BulkImageResizeTool\BulkImageResizeTool.csproj", "{F6C6F8D1-E8C2-48C5-890B-A21C68D7D7B6}"
EndProject
Project("{FAE04EC0-301F-11D3-BF4B-00C04F79EFBC}") = "MakinaTurkiye.Utilities", "MakinaTurkiye.Utilities\MakinaTurkiye.Utilities.csproj", "{53482EA7-D0EB-4F50-A04B-6EEDE701B53D}"
EndProject
Project("{2150E333-8FDC-42A3-9474-1A3956D46DE8}") = "Libraries", "Libraries", "{64BDDDA8-F40F-465B-83BC-295B0A86432E}"
EndProject
Project("{FAE04EC0-301F-11D3-BF4B-00C04F79EFBC}") = "MakinaTurkiye.Data", "MakinaTurkiye.Data\MakinaTurkiye.Data.csproj", "{2D2661D7-CBEF-4774-88CF-3BB36259082F}"
EndProject
Project("{FAE04EC0-301F-11D3-BF4B-00C04F79EFBC}") = "MakinaTurkiye.Services", "MakinaTurkiye.Services\MakinaTurkiye.Services.csproj", "{703A6535-115C-4056-97ED-48FD93D05C4C}"
EndProject
Project("{FAE04EC0-301F-11D3-BF4B-00C04F79EFBC}") = "MakinaTurkiye.Entities", "MakinaTurkiye.Entities\MakinaTurkiye.Entities.csproj", "{3BD34B52-76FA-410E-AEAE-7A0D7A732750}"
EndProject
Project("{FAE04EC0-301F-11D3-BF4B-00C04F79EFBC}") = "MakinaTurkiye.Core", "MakinaTurkiye.Core\MakinaTurkiye.Core.csproj", "{5C5E4D8D-D028-4514-A7A2-A52D03EDBDB4}"
EndProject
Project("{FAE04EC0-301F-11D3-BF4B-00C04F79EFBC}") = "MakinaTurkiye.Caching", "MakinaTurkiye.Caching\MakinaTurkiye.Caching.csproj", "{22C5F4C2-2DB3-468C-8A57-A54E4BCECC56}"
EndProject
Project("{2150E333-8FDC-42A3-9474-1A3956D46DE8}") = "SearchEngine", "SearchEngine", "{64E5006B-9635-4DE2-B03C-5FB77D9E29B3}"
EndProject
Project("{2150E333-8FDC-42A3-9474-1A3956D46DE8}") = "Api", "Api", "{99B09C1A-1468-490E-8B2F-1ABCEA8B6868}"
EndProject
Project("{FAE04EC0-301F-11D3-BF4B-00C04F79EFBC}") = "MakinaTurkiye.Api", "MakinaTurkiye.Api\MakinaTurkiye.Api.csproj", "{8C822405-E82D-4436-89DC-A290FC812896}"
EndProject
Project("{FAE04EC0-301F-11D3-BF4B-00C04F79EFBC}") = "MakinaTurkiye.Api.View", "MakinaTurkiye.Api.View\MakinaTurkiye.Api.View.csproj", "{631C1314-08D8-405C-A624-D51FA0C3610D}"
EndProject
Project("{FAE04EC0-301F-11D3-BF4B-00C04F79EFBC}") = "MakinaTurkiye.Logging", "MakinaTurkiye.Logging\MakinaTurkiye.Logging.csproj", "{1129B94F-3BAD-47B3-BC87-7F176686C57F}"
EndProject
Project("{FAE04EC0-301F-11D3-BF4B-00C04F79EFBC}") = "MakinaTurkiye.Tasks", "MakinaTurkiye.Tasks\MakinaTurkiye.Tasks.csproj", "{81243FC1-4E13-4DDE-8DA3-C55051492CFC}"
EndProject
Project("{FAE04EC0-301F-11D3-BF4B-00C04F79EFBC}") = "MakinaTurkiye.Web.Tasks", "MakinaTurkiye.Web.Tasks\MakinaTurkiye.Web.Tasks.csproj", "{308DA198-05A4-4934-9B01-E0C02C727BED}"
EndProject
Project("{FAE04EC0-301F-11D3-BF4B-00C04F79EFBC}") = "MakinaTurkiye.SearchEngine.ElasticSearch", "MakinaTurkiye.SearchEngine.ElasticSearch\MakinaTurkiye.SearchEngine.ElasticSearch.csproj", "{9797B30F-092A-4A2A-9936-6559AC1AF915}"
EndProject
Project("{FAE04EC0-301F-11D3-BF4B-00C04F79EFBC}") = "MakinaTurkiye.SearchEngine", "MakinaTurkiye.SearchEngine\MakinaTurkiye.SearchEngine.csproj", "{B152F52C-7F3C-4ACD-95EA-1E67419190F9}"
EndProject
Global
	GlobalSection(SolutionConfigurationPlatforms) = preSolution
		Debug|Any CPU = Debug|Any CPU
		Debug|Mixed Platforms = Debug|Mixed Platforms
		Debug|x86 = Debug|x86
		Release|Any CPU = Release|Any CPU
		Release|Mixed Platforms = Release|Mixed Platforms
		Release|x86 = Release|x86
	EndGlobalSection
	GlobalSection(ProjectConfigurationPlatforms) = postSolution
		{84309D68-1C0C-44C0-B118-4786BC1D19C3}.Debug|Any CPU.ActiveCfg = Debug|Any CPU
		{84309D68-1C0C-44C0-B118-4786BC1D19C3}.Debug|Any CPU.Build.0 = Debug|Any CPU
		{84309D68-1C0C-44C0-B118-4786BC1D19C3}.Debug|Mixed Platforms.ActiveCfg = Debug|Any CPU
		{84309D68-1C0C-44C0-B118-4786BC1D19C3}.Debug|Mixed Platforms.Build.0 = Debug|Any CPU
		{84309D68-1C0C-44C0-B118-4786BC1D19C3}.Debug|x86.ActiveCfg = Debug|Any CPU
		{84309D68-1C0C-44C0-B118-4786BC1D19C3}.Release|Any CPU.ActiveCfg = Debug|Any CPU
		{84309D68-1C0C-44C0-B118-4786BC1D19C3}.Release|Any CPU.Build.0 = Debug|Any CPU
		{84309D68-1C0C-44C0-B118-4786BC1D19C3}.Release|Mixed Platforms.ActiveCfg = Debug|Any CPU
		{84309D68-1C0C-44C0-B118-4786BC1D19C3}.Release|Mixed Platforms.Build.0 = Debug|Any CPU
		{84309D68-1C0C-44C0-B118-4786BC1D19C3}.Release|x86.ActiveCfg = Debug|Any CPU
		{84309D68-1C0C-44C0-B118-4786BC1D19C3}.Release|x86.Build.0 = Debug|Any CPU
		{2AB87953-145F-4334-BB14-E7D1FBB466B0}.Debug|Any CPU.ActiveCfg = Debug|Any CPU
		{2AB87953-145F-4334-BB14-E7D1FBB466B0}.Debug|Any CPU.Build.0 = Debug|Any CPU
		{2AB87953-145F-4334-BB14-E7D1FBB466B0}.Debug|Mixed Platforms.ActiveCfg = Debug|Any CPU
		{2AB87953-145F-4334-BB14-E7D1FBB466B0}.Debug|Mixed Platforms.Build.0 = Debug|Any CPU
		{2AB87953-145F-4334-BB14-E7D1FBB466B0}.Debug|x86.ActiveCfg = Debug|Any CPU
		{2AB87953-145F-4334-BB14-E7D1FBB466B0}.Release|Any CPU.ActiveCfg = Release|Any CPU
		{2AB87953-145F-4334-BB14-E7D1FBB466B0}.Release|Any CPU.Build.0 = Release|Any CPU
		{2AB87953-145F-4334-BB14-E7D1FBB466B0}.Release|Mixed Platforms.ActiveCfg = Release|Any CPU
		{2AB87953-145F-4334-BB14-E7D1FBB466B0}.Release|Mixed Platforms.Build.0 = Release|Any CPU
		{2AB87953-145F-4334-BB14-E7D1FBB466B0}.Release|x86.ActiveCfg = Release|Any CPU
		{54138AEC-6D2A-4CED-A2BA-CB88AE77BD8D}.Debug|Any CPU.ActiveCfg = Debug|Any CPU
		{54138AEC-6D2A-4CED-A2BA-CB88AE77BD8D}.Debug|Any CPU.Build.0 = Debug|Any CPU
		{54138AEC-6D2A-4CED-A2BA-CB88AE77BD8D}.Debug|Mixed Platforms.ActiveCfg = Debug|Any CPU
		{54138AEC-6D2A-4CED-A2BA-CB88AE77BD8D}.Debug|Mixed Platforms.Build.0 = Debug|Any CPU
		{54138AEC-6D2A-4CED-A2BA-CB88AE77BD8D}.Debug|x86.ActiveCfg = Debug|Any CPU
		{54138AEC-6D2A-4CED-A2BA-CB88AE77BD8D}.Release|Any CPU.ActiveCfg = Release|Any CPU
		{54138AEC-6D2A-4CED-A2BA-CB88AE77BD8D}.Release|Any CPU.Build.0 = Release|Any CPU
		{54138AEC-6D2A-4CED-A2BA-CB88AE77BD8D}.Release|Mixed Platforms.ActiveCfg = Release|Any CPU
		{54138AEC-6D2A-4CED-A2BA-CB88AE77BD8D}.Release|Mixed Platforms.Build.0 = Release|Any CPU
		{54138AEC-6D2A-4CED-A2BA-CB88AE77BD8D}.Release|x86.ActiveCfg = Release|Any CPU
		{31D330E6-934C-4A83-86D5-404B75A540C8}.Debug|Any CPU.ActiveCfg = Debug|Any CPU
		{31D330E6-934C-4A83-86D5-404B75A540C8}.Debug|Any CPU.Build.0 = Debug|Any CPU
		{31D330E6-934C-4A83-86D5-404B75A540C8}.Debug|Mixed Platforms.ActiveCfg = Debug|Any CPU
		{31D330E6-934C-4A83-86D5-404B75A540C8}.Debug|Mixed Platforms.Build.0 = Debug|Any CPU
		{31D330E6-934C-4A83-86D5-404B75A540C8}.Debug|x86.ActiveCfg = Debug|Any CPU
		{31D330E6-934C-4A83-86D5-404B75A540C8}.Release|Any CPU.ActiveCfg = Release|Any CPU
		{31D330E6-934C-4A83-86D5-404B75A540C8}.Release|Any CPU.Build.0 = Release|Any CPU
		{31D330E6-934C-4A83-86D5-404B75A540C8}.Release|Mixed Platforms.ActiveCfg = Release|Any CPU
		{31D330E6-934C-4A83-86D5-404B75A540C8}.Release|Mixed Platforms.Build.0 = Release|Any CPU
		{31D330E6-934C-4A83-86D5-404B75A540C8}.Release|x86.ActiveCfg = Release|Any CPU
		{3CB43123-8033-4C59-982F-8A8EB5DE8AFA}.Debug|Any CPU.ActiveCfg = Debug|Any CPU
		{3CB43123-8033-4C59-982F-8A8EB5DE8AFA}.Debug|Any CPU.Build.0 = Debug|Any CPU
		{3CB43123-8033-4C59-982F-8A8EB5DE8AFA}.Debug|Mixed Platforms.ActiveCfg = Debug|Any CPU
		{3CB43123-8033-4C59-982F-8A8EB5DE8AFA}.Debug|Mixed Platforms.Build.0 = Debug|Any CPU
		{3CB43123-8033-4C59-982F-8A8EB5DE8AFA}.Debug|x86.ActiveCfg = Debug|Any CPU
		{3CB43123-8033-4C59-982F-8A8EB5DE8AFA}.Release|Any CPU.ActiveCfg = Release|Any CPU
		{3CB43123-8033-4C59-982F-8A8EB5DE8AFA}.Release|Any CPU.Build.0 = Release|Any CPU
		{3CB43123-8033-4C59-982F-8A8EB5DE8AFA}.Release|Mixed Platforms.ActiveCfg = Release|Any CPU
		{3CB43123-8033-4C59-982F-8A8EB5DE8AFA}.Release|Mixed Platforms.Build.0 = Release|Any CPU
		{3CB43123-8033-4C59-982F-8A8EB5DE8AFA}.Release|x86.ActiveCfg = Release|Any CPU
		{ABC10540-0B80-4703-BF99-746C1D0113A8}.Debug|Any CPU.ActiveCfg = Debug|Any CPU
		{ABC10540-0B80-4703-BF99-746C1D0113A8}.Debug|Any CPU.Build.0 = Debug|Any CPU
		{ABC10540-0B80-4703-BF99-746C1D0113A8}.Debug|Mixed Platforms.ActiveCfg = Debug|Any CPU
		{ABC10540-0B80-4703-BF99-746C1D0113A8}.Debug|Mixed Platforms.Build.0 = Debug|Any CPU
		{ABC10540-0B80-4703-BF99-746C1D0113A8}.Debug|x86.ActiveCfg = Debug|Any CPU
		{ABC10540-0B80-4703-BF99-746C1D0113A8}.Release|Any CPU.ActiveCfg = Release|Any CPU
		{ABC10540-0B80-4703-BF99-746C1D0113A8}.Release|Any CPU.Build.0 = Release|Any CPU
		{ABC10540-0B80-4703-BF99-746C1D0113A8}.Release|Mixed Platforms.ActiveCfg = Release|Any CPU
		{ABC10540-0B80-4703-BF99-746C1D0113A8}.Release|Mixed Platforms.Build.0 = Release|Any CPU
		{ABC10540-0B80-4703-BF99-746C1D0113A8}.Release|x86.ActiveCfg = Release|Any CPU
		{65102C3E-5FC0-43E1-B5BA-FEC8E5E59ACD}.Debug|Any CPU.ActiveCfg = Debug|x86
		{65102C3E-5FC0-43E1-B5BA-FEC8E5E59ACD}.Debug|Mixed Platforms.ActiveCfg = Debug|x86
		{65102C3E-5FC0-43E1-B5BA-FEC8E5E59ACD}.Debug|x86.ActiveCfg = Debug|x86
		{65102C3E-5FC0-43E1-B5BA-FEC8E5E59ACD}.Debug|x86.Build.0 = Debug|x86
		{65102C3E-5FC0-43E1-B5BA-FEC8E5E59ACD}.Release|Any CPU.ActiveCfg = Release|x86
		{65102C3E-5FC0-43E1-B5BA-FEC8E5E59ACD}.Release|Mixed Platforms.ActiveCfg = Release|x86
		{65102C3E-5FC0-43E1-B5BA-FEC8E5E59ACD}.Release|Mixed Platforms.Build.0 = Release|x86
		{65102C3E-5FC0-43E1-B5BA-FEC8E5E59ACD}.Release|x86.ActiveCfg = Release|x86
		{65102C3E-5FC0-43E1-B5BA-FEC8E5E59ACD}.Release|x86.Build.0 = Release|x86
		{F8FF8158-4199-4119-ADEA-4D0522E29732}.Debug|Any CPU.ActiveCfg = Debug|Any CPU
		{F8FF8158-4199-4119-ADEA-4D0522E29732}.Debug|Any CPU.Build.0 = Debug|Any CPU
		{F8FF8158-4199-4119-ADEA-4D0522E29732}.Debug|Mixed Platforms.ActiveCfg = Debug|Any CPU
		{F8FF8158-4199-4119-ADEA-4D0522E29732}.Debug|Mixed Platforms.Build.0 = Debug|Any CPU
		{F8FF8158-4199-4119-ADEA-4D0522E29732}.Debug|x86.ActiveCfg = Debug|Any CPU
		{F8FF8158-4199-4119-ADEA-4D0522E29732}.Release|Any CPU.ActiveCfg = Release|Any CPU
		{F8FF8158-4199-4119-ADEA-4D0522E29732}.Release|Any CPU.Build.0 = Release|Any CPU
		{F8FF8158-4199-4119-ADEA-4D0522E29732}.Release|Mixed Platforms.ActiveCfg = Release|Any CPU
		{F8FF8158-4199-4119-ADEA-4D0522E29732}.Release|Mixed Platforms.Build.0 = Release|Any CPU
		{F8FF8158-4199-4119-ADEA-4D0522E29732}.Release|x86.ActiveCfg = Release|Any CPU
		{F6C6F8D1-E8C2-48C5-890B-A21C68D7D7B6}.Debug|Any CPU.ActiveCfg = Debug|x86
		{F6C6F8D1-E8C2-48C5-890B-A21C68D7D7B6}.Debug|Mixed Platforms.ActiveCfg = Debug|x86
		{F6C6F8D1-E8C2-48C5-890B-A21C68D7D7B6}.Debug|Mixed Platforms.Build.0 = Debug|x86
		{F6C6F8D1-E8C2-48C5-890B-A21C68D7D7B6}.Debug|x86.ActiveCfg = Debug|x86
		{F6C6F8D1-E8C2-48C5-890B-A21C68D7D7B6}.Debug|x86.Build.0 = Debug|x86
		{F6C6F8D1-E8C2-48C5-890B-A21C68D7D7B6}.Release|Any CPU.ActiveCfg = Release|x86
		{F6C6F8D1-E8C2-48C5-890B-A21C68D7D7B6}.Release|Mixed Platforms.ActiveCfg = Release|x86
		{F6C6F8D1-E8C2-48C5-890B-A21C68D7D7B6}.Release|Mixed Platforms.Build.0 = Release|x86
		{F6C6F8D1-E8C2-48C5-890B-A21C68D7D7B6}.Release|x86.ActiveCfg = Release|x86
		{F6C6F8D1-E8C2-48C5-890B-A21C68D7D7B6}.Release|x86.Build.0 = Release|x86
		{53482EA7-D0EB-4F50-A04B-6EEDE701B53D}.Debug|Any CPU.ActiveCfg = Debug|Any CPU
		{53482EA7-D0EB-4F50-A04B-6EEDE701B53D}.Debug|Any CPU.Build.0 = Debug|Any CPU
		{53482EA7-D0EB-4F50-A04B-6EEDE701B53D}.Debug|Mixed Platforms.ActiveCfg = Debug|Any CPU
		{53482EA7-D0EB-4F50-A04B-6EEDE701B53D}.Debug|Mixed Platforms.Build.0 = Debug|Any CPU
		{53482EA7-D0EB-4F50-A04B-6EEDE701B53D}.Debug|x86.ActiveCfg = Debug|Any CPU
		{53482EA7-D0EB-4F50-A04B-6EEDE701B53D}.Release|Any CPU.ActiveCfg = Release|Any CPU
		{53482EA7-D0EB-4F50-A04B-6EEDE701B53D}.Release|Any CPU.Build.0 = Release|Any CPU
		{53482EA7-D0EB-4F50-A04B-6EEDE701B53D}.Release|Mixed Platforms.ActiveCfg = Release|Any CPU
		{53482EA7-D0EB-4F50-A04B-6EEDE701B53D}.Release|Mixed Platforms.Build.0 = Release|Any CPU
		{53482EA7-D0EB-4F50-A04B-6EEDE701B53D}.Release|x86.ActiveCfg = Release|Any CPU
		{2D2661D7-CBEF-4774-88CF-3BB36259082F}.Debug|Any CPU.ActiveCfg = Debug|Any CPU
		{2D2661D7-CBEF-4774-88CF-3BB36259082F}.Debug|Any CPU.Build.0 = Debug|Any CPU
		{2D2661D7-CBEF-4774-88CF-3BB36259082F}.Debug|Mixed Platforms.ActiveCfg = Debug|Any CPU
		{2D2661D7-CBEF-4774-88CF-3BB36259082F}.Debug|Mixed Platforms.Build.0 = Debug|Any CPU
		{2D2661D7-CBEF-4774-88CF-3BB36259082F}.Debug|x86.ActiveCfg = Debug|Any CPU
		{2D2661D7-CBEF-4774-88CF-3BB36259082F}.Release|Any CPU.ActiveCfg = Release|Any CPU
		{2D2661D7-CBEF-4774-88CF-3BB36259082F}.Release|Any CPU.Build.0 = Release|Any CPU
		{2D2661D7-CBEF-4774-88CF-3BB36259082F}.Release|Mixed Platforms.ActiveCfg = Release|Any CPU
		{2D2661D7-CBEF-4774-88CF-3BB36259082F}.Release|Mixed Platforms.Build.0 = Release|Any CPU
		{2D2661D7-CBEF-4774-88CF-3BB36259082F}.Release|x86.ActiveCfg = Release|Any CPU
		{703A6535-115C-4056-97ED-48FD93D05C4C}.Debug|Any CPU.ActiveCfg = Debug|Any CPU
		{703A6535-115C-4056-97ED-48FD93D05C4C}.Debug|Any CPU.Build.0 = Debug|Any CPU
		{703A6535-115C-4056-97ED-48FD93D05C4C}.Debug|Mixed Platforms.ActiveCfg = Debug|Any CPU
		{703A6535-115C-4056-97ED-48FD93D05C4C}.Debug|Mixed Platforms.Build.0 = Debug|Any CPU
		{703A6535-115C-4056-97ED-48FD93D05C4C}.Debug|x86.ActiveCfg = Debug|Any CPU
		{703A6535-115C-4056-97ED-48FD93D05C4C}.Release|Any CPU.ActiveCfg = Release|Any CPU
		{703A6535-115C-4056-97ED-48FD93D05C4C}.Release|Any CPU.Build.0 = Release|Any CPU
		{703A6535-115C-4056-97ED-48FD93D05C4C}.Release|Mixed Platforms.ActiveCfg = Release|Any CPU
		{703A6535-115C-4056-97ED-48FD93D05C4C}.Release|Mixed Platforms.Build.0 = Release|Any CPU
		{703A6535-115C-4056-97ED-48FD93D05C4C}.Release|x86.ActiveCfg = Release|Any CPU
		{3BD34B52-76FA-410E-AEAE-7A0D7A732750}.Debug|Any CPU.ActiveCfg = Debug|Any CPU
		{3BD34B52-76FA-410E-AEAE-7A0D7A732750}.Debug|Any CPU.Build.0 = Debug|Any CPU
		{3BD34B52-76FA-410E-AEAE-7A0D7A732750}.Debug|Mixed Platforms.ActiveCfg = Debug|Any CPU
		{3BD34B52-76FA-410E-AEAE-7A0D7A732750}.Debug|Mixed Platforms.Build.0 = Debug|Any CPU
		{3BD34B52-76FA-410E-AEAE-7A0D7A732750}.Debug|x86.ActiveCfg = Debug|Any CPU
		{3BD34B52-76FA-410E-AEAE-7A0D7A732750}.Release|Any CPU.ActiveCfg = Release|Any CPU
		{3BD34B52-76FA-410E-AEAE-7A0D7A732750}.Release|Any CPU.Build.0 = Release|Any CPU
		{3BD34B52-76FA-410E-AEAE-7A0D7A732750}.Release|Mixed Platforms.ActiveCfg = Release|Any CPU
		{3BD34B52-76FA-410E-AEAE-7A0D7A732750}.Release|Mixed Platforms.Build.0 = Release|Any CPU
		{3BD34B52-76FA-410E-AEAE-7A0D7A732750}.Release|x86.ActiveCfg = Release|Any CPU
		{5C5E4D8D-D028-4514-A7A2-A52D03EDBDB4}.Debug|Any CPU.ActiveCfg = Debug|Any CPU
		{5C5E4D8D-D028-4514-A7A2-A52D03EDBDB4}.Debug|Any CPU.Build.0 = Debug|Any CPU
		{5C5E4D8D-D028-4514-A7A2-A52D03EDBDB4}.Debug|Mixed Platforms.ActiveCfg = Debug|Any CPU
		{5C5E4D8D-D028-4514-A7A2-A52D03EDBDB4}.Debug|Mixed Platforms.Build.0 = Debug|Any CPU
		{5C5E4D8D-D028-4514-A7A2-A52D03EDBDB4}.Debug|x86.ActiveCfg = Debug|Any CPU
		{5C5E4D8D-D028-4514-A7A2-A52D03EDBDB4}.Release|Any CPU.ActiveCfg = Release|Any CPU
		{5C5E4D8D-D028-4514-A7A2-A52D03EDBDB4}.Release|Any CPU.Build.0 = Release|Any CPU
		{5C5E4D8D-D028-4514-A7A2-A52D03EDBDB4}.Release|Mixed Platforms.ActiveCfg = Release|Any CPU
		{5C5E4D8D-D028-4514-A7A2-A52D03EDBDB4}.Release|Mixed Platforms.Build.0 = Release|Any CPU
		{5C5E4D8D-D028-4514-A7A2-A52D03EDBDB4}.Release|x86.ActiveCfg = Release|Any CPU
		{22C5F4C2-2DB3-468C-8A57-A54E4BCECC56}.Debug|Any CPU.ActiveCfg = Debug|Any CPU
		{22C5F4C2-2DB3-468C-8A57-A54E4BCECC56}.Debug|Any CPU.Build.0 = Debug|Any CPU
		{22C5F4C2-2DB3-468C-8A57-A54E4BCECC56}.Debug|Mixed Platforms.ActiveCfg = Debug|Any CPU
		{22C5F4C2-2DB3-468C-8A57-A54E4BCECC56}.Debug|Mixed Platforms.Build.0 = Debug|Any CPU
		{22C5F4C2-2DB3-468C-8A57-A54E4BCECC56}.Debug|x86.ActiveCfg = Debug|Any CPU
		{22C5F4C2-2DB3-468C-8A57-A54E4BCECC56}.Release|Any CPU.ActiveCfg = Release|Any CPU
		{22C5F4C2-2DB3-468C-8A57-A54E4BCECC56}.Release|Any CPU.Build.0 = Release|Any CPU
		{22C5F4C2-2DB3-468C-8A57-A54E4BCECC56}.Release|Mixed Platforms.ActiveCfg = Release|Any CPU
		{22C5F4C2-2DB3-468C-8A57-A54E4BCECC56}.Release|Mixed Platforms.Build.0 = Release|Any CPU
		{22C5F4C2-2DB3-468C-8A57-A54E4BCECC56}.Release|x86.ActiveCfg = Release|Any CPU
		{8C822405-E82D-4436-89DC-A290FC812896}.Debug|Any CPU.ActiveCfg = Debug|Any CPU
		{8C822405-E82D-4436-89DC-A290FC812896}.Debug|Any CPU.Build.0 = Debug|Any CPU
		{8C822405-E82D-4436-89DC-A290FC812896}.Debug|Mixed Platforms.ActiveCfg = Debug|Any CPU
		{8C822405-E82D-4436-89DC-A290FC812896}.Debug|Mixed Platforms.Build.0 = Debug|Any CPU
		{8C822405-E82D-4436-89DC-A290FC812896}.Debug|x86.ActiveCfg = Debug|Any CPU
		{8C822405-E82D-4436-89DC-A290FC812896}.Debug|x86.Build.0 = Debug|Any CPU
		{8C822405-E82D-4436-89DC-A290FC812896}.Release|Any CPU.ActiveCfg = Release|Any CPU
		{8C822405-E82D-4436-89DC-A290FC812896}.Release|Any CPU.Build.0 = Release|Any CPU
		{8C822405-E82D-4436-89DC-A290FC812896}.Release|Mixed Platforms.ActiveCfg = Release|Any CPU
		{8C822405-E82D-4436-89DC-A290FC812896}.Release|Mixed Platforms.Build.0 = Release|Any CPU
		{8C822405-E82D-4436-89DC-A290FC812896}.Release|x86.ActiveCfg = Release|Any CPU
		{8C822405-E82D-4436-89DC-A290FC812896}.Release|x86.Build.0 = Release|Any CPU
		{631C1314-08D8-405C-A624-D51FA0C3610D}.Debug|Any CPU.ActiveCfg = Debug|Any CPU
		{631C1314-08D8-405C-A624-D51FA0C3610D}.Debug|Any CPU.Build.0 = Debug|Any CPU
		{631C1314-08D8-405C-A624-D51FA0C3610D}.Debug|Mixed Platforms.ActiveCfg = Debug|Any CPU
		{631C1314-08D8-405C-A624-D51FA0C3610D}.Debug|Mixed Platforms.Build.0 = Debug|Any CPU
		{631C1314-08D8-405C-A624-D51FA0C3610D}.Debug|x86.ActiveCfg = Debug|Any CPU
		{631C1314-08D8-405C-A624-D51FA0C3610D}.Debug|x86.Build.0 = Debug|Any CPU
		{631C1314-08D8-405C-A624-D51FA0C3610D}.Release|Any CPU.ActiveCfg = Release|Any CPU
		{631C1314-08D8-405C-A624-D51FA0C3610D}.Release|Any CPU.Build.0 = Release|Any CPU
		{631C1314-08D8-405C-A624-D51FA0C3610D}.Release|Mixed Platforms.ActiveCfg = Release|Any CPU
		{631C1314-08D8-405C-A624-D51FA0C3610D}.Release|Mixed Platforms.Build.0 = Release|Any CPU
		{631C1314-08D8-405C-A624-D51FA0C3610D}.Release|x86.ActiveCfg = Release|Any CPU
		{631C1314-08D8-405C-A624-D51FA0C3610D}.Release|x86.Build.0 = Release|Any CPU
		{1129B94F-3BAD-47B3-BC87-7F176686C57F}.Debug|Any CPU.ActiveCfg = Debug|Any CPU
		{1129B94F-3BAD-47B3-BC87-7F176686C57F}.Debug|Any CPU.Build.0 = Debug|Any CPU
		{1129B94F-3BAD-47B3-BC87-7F176686C57F}.Debug|Mixed Platforms.ActiveCfg = Debug|Any CPU
		{1129B94F-3BAD-47B3-BC87-7F176686C57F}.Debug|Mixed Platforms.Build.0 = Debug|Any CPU
		{1129B94F-3BAD-47B3-BC87-7F176686C57F}.Debug|x86.ActiveCfg = Debug|Any CPU
		{1129B94F-3BAD-47B3-BC87-7F176686C57F}.Debug|x86.Build.0 = Debug|Any CPU
		{1129B94F-3BAD-47B3-BC87-7F176686C57F}.Release|Any CPU.ActiveCfg = Release|Any CPU
		{1129B94F-3BAD-47B3-BC87-7F176686C57F}.Release|Any CPU.Build.0 = Release|Any CPU
		{1129B94F-3BAD-47B3-BC87-7F176686C57F}.Release|Mixed Platforms.ActiveCfg = Release|Any CPU
		{1129B94F-3BAD-47B3-BC87-7F176686C57F}.Release|Mixed Platforms.Build.0 = Release|Any CPU
		{1129B94F-3BAD-47B3-BC87-7F176686C57F}.Release|x86.ActiveCfg = Release|Any CPU
		{1129B94F-3BAD-47B3-BC87-7F176686C57F}.Release|x86.Build.0 = Release|Any CPU
		{81243FC1-4E13-4DDE-8DA3-C55051492CFC}.Debug|Any CPU.ActiveCfg = Debug|Any CPU
		{81243FC1-4E13-4DDE-8DA3-C55051492CFC}.Debug|Any CPU.Build.0 = Debug|Any CPU
		{81243FC1-4E13-4DDE-8DA3-C55051492CFC}.Debug|Mixed Platforms.ActiveCfg = Debug|Any CPU
		{81243FC1-4E13-4DDE-8DA3-C55051492CFC}.Debug|Mixed Platforms.Build.0 = Debug|Any CPU
		{81243FC1-4E13-4DDE-8DA3-C55051492CFC}.Debug|x86.ActiveCfg = Debug|Any CPU
		{81243FC1-4E13-4DDE-8DA3-C55051492CFC}.Debug|x86.Build.0 = Debug|Any CPU
		{81243FC1-4E13-4DDE-8DA3-C55051492CFC}.Release|Any CPU.ActiveCfg = Release|Any CPU
		{81243FC1-4E13-4DDE-8DA3-C55051492CFC}.Release|Any CPU.Build.0 = Release|Any CPU
		{81243FC1-4E13-4DDE-8DA3-C55051492CFC}.Release|Mixed Platforms.ActiveCfg = Release|Any CPU
		{81243FC1-4E13-4DDE-8DA3-C55051492CFC}.Release|Mixed Platforms.Build.0 = Release|Any CPU
		{81243FC1-4E13-4DDE-8DA3-C55051492CFC}.Release|x86.ActiveCfg = Release|Any CPU
		{81243FC1-4E13-4DDE-8DA3-C55051492CFC}.Release|x86.Build.0 = Release|Any CPU
		{308DA198-05A4-4934-9B01-E0C02C727BED}.Debug|Any CPU.ActiveCfg = Debug|Any CPU
		{308DA198-05A4-4934-9B01-E0C02C727BED}.Debug|Any CPU.Build.0 = Debug|Any CPU
		{308DA198-05A4-4934-9B01-E0C02C727BED}.Debug|Mixed Platforms.ActiveCfg = Debug|Any CPU
		{308DA198-05A4-4934-9B01-E0C02C727BED}.Debug|Mixed Platforms.Build.0 = Debug|Any CPU
		{308DA198-05A4-4934-9B01-E0C02C727BED}.Debug|x86.ActiveCfg = Debug|Any CPU
		{308DA198-05A4-4934-9B01-E0C02C727BED}.Debug|x86.Build.0 = Debug|Any CPU
		{308DA198-05A4-4934-9B01-E0C02C727BED}.Release|Any CPU.ActiveCfg = Release|Any CPU
		{308DA198-05A4-4934-9B01-E0C02C727BED}.Release|Any CPU.Build.0 = Release|Any CPU
		{308DA198-05A4-4934-9B01-E0C02C727BED}.Release|Mixed Platforms.ActiveCfg = Release|Any CPU
		{308DA198-05A4-4934-9B01-E0C02C727BED}.Release|Mixed Platforms.Build.0 = Release|Any CPU
		{308DA198-05A4-4934-9B01-E0C02C727BED}.Release|x86.ActiveCfg = Release|Any CPU
		{308DA198-05A4-4934-9B01-E0C02C727BED}.Release|x86.Build.0 = Release|Any CPU
		{9797B30F-092A-4A2A-9936-6559AC1AF915}.Debug|Any CPU.ActiveCfg = Debug|Any CPU
		{9797B30F-092A-4A2A-9936-6559AC1AF915}.Debug|Any CPU.Build.0 = Debug|Any CPU
		{9797B30F-092A-4A2A-9936-6559AC1AF915}.Debug|Mixed Platforms.ActiveCfg = Debug|Any CPU
		{9797B30F-092A-4A2A-9936-6559AC1AF915}.Debug|Mixed Platforms.Build.0 = Debug|Any CPU
		{9797B30F-092A-4A2A-9936-6559AC1AF915}.Debug|x86.ActiveCfg = Debug|Any CPU
		{9797B30F-092A-4A2A-9936-6559AC1AF915}.Debug|x86.Build.0 = Debug|Any CPU
		{9797B30F-092A-4A2A-9936-6559AC1AF915}.Release|Any CPU.ActiveCfg = Release|Any CPU
		{9797B30F-092A-4A2A-9936-6559AC1AF915}.Release|Any CPU.Build.0 = Release|Any CPU
		{9797B30F-092A-4A2A-9936-6559AC1AF915}.Release|Mixed Platforms.ActiveCfg = Release|Any CPU
		{9797B30F-092A-4A2A-9936-6559AC1AF915}.Release|Mixed Platforms.Build.0 = Release|Any CPU
		{9797B30F-092A-4A2A-9936-6559AC1AF915}.Release|x86.ActiveCfg = Release|Any CPU
		{9797B30F-092A-4A2A-9936-6559AC1AF915}.Release|x86.Build.0 = Release|Any CPU
		{B152F52C-7F3C-4ACD-95EA-1E67419190F9}.Debug|Any CPU.ActiveCfg = Debug|Any CPU
		{B152F52C-7F3C-4ACD-95EA-1E67419190F9}.Debug|Any CPU.Build.0 = Debug|Any CPU
		{B152F52C-7F3C-4ACD-95EA-1E67419190F9}.Debug|Mixed Platforms.ActiveCfg = Debug|Any CPU
		{B152F52C-7F3C-4ACD-95EA-1E67419190F9}.Debug|Mixed Platforms.Build.0 = Debug|Any CPU
		{B152F52C-7F3C-4ACD-95EA-1E67419190F9}.Debug|x86.ActiveCfg = Debug|Any CPU
		{B152F52C-7F3C-4ACD-95EA-1E67419190F9}.Debug|x86.Build.0 = Debug|Any CPU
		{B152F52C-7F3C-4ACD-95EA-1E67419190F9}.Release|Any CPU.ActiveCfg = Release|Any CPU
		{B152F52C-7F3C-4ACD-95EA-1E67419190F9}.Release|Any CPU.Build.0 = Release|Any CPU
		{B152F52C-7F3C-4ACD-95EA-1E67419190F9}.Release|Mixed Platforms.ActiveCfg = Release|Any CPU
		{B152F52C-7F3C-4ACD-95EA-1E67419190F9}.Release|Mixed Platforms.Build.0 = Release|Any CPU
		{B152F52C-7F3C-4ACD-95EA-1E67419190F9}.Release|x86.ActiveCfg = Release|Any CPU
		{B152F52C-7F3C-4ACD-95EA-1E67419190F9}.Release|x86.Build.0 = Release|Any CPU
	EndGlobalSection
	GlobalSection(SolutionProperties) = preSolution
		HideSolutionNode = FALSE
	EndGlobalSection
	GlobalSection(NestedProjects) = preSolution
		{84309D68-1C0C-44C0-B118-4786BC1D19C3} = {08981DA8-1288-4B67-87D2-25D021BBFC4B}
		{2AB87953-145F-4334-BB14-E7D1FBB466B0} = {CB4D9843-59FC-4971-A662-E338ADE50B53}
		{54138AEC-6D2A-4CED-A2BA-CB88AE77BD8D} = {CB4D9843-59FC-4971-A662-E338ADE50B53}
		{31D330E6-934C-4A83-86D5-404B75A540C8} = {CB4D9843-59FC-4971-A662-E338ADE50B53}
		{3CB43123-8033-4C59-982F-8A8EB5DE8AFA} = {CB4D9843-59FC-4971-A662-E338ADE50B53}
		{ABC10540-0B80-4703-BF99-746C1D0113A8} = {CB4D9843-59FC-4971-A662-E338ADE50B53}
		{65102C3E-5FC0-43E1-B5BA-FEC8E5E59ACD} = {CB4D9843-59FC-4971-A662-E338ADE50B53}
		{F8FF8158-4199-4119-ADEA-4D0522E29732} = {08981DA8-1288-4B67-87D2-25D021BBFC4B}
		{F6C6F8D1-E8C2-48C5-890B-A21C68D7D7B6} = {CB4D9843-59FC-4971-A662-E338ADE50B53}
		{53482EA7-D0EB-4F50-A04B-6EEDE701B53D} = {1B29897E-F21B-4133-9246-D8EEFBD175C9}
		{2D2661D7-CBEF-4774-88CF-3BB36259082F} = {64BDDDA8-F40F-465B-83BC-295B0A86432E}
		{703A6535-115C-4056-97ED-48FD93D05C4C} = {64BDDDA8-F40F-465B-83BC-295B0A86432E}
		{3BD34B52-76FA-410E-AEAE-7A0D7A732750} = {64BDDDA8-F40F-465B-83BC-295B0A86432E}
		{5C5E4D8D-D028-4514-A7A2-A52D03EDBDB4} = {64BDDDA8-F40F-465B-83BC-295B0A86432E}
		{22C5F4C2-2DB3-468C-8A57-A54E4BCECC56} = {64BDDDA8-F40F-465B-83BC-295B0A86432E}
		{8C822405-E82D-4436-89DC-A290FC812896} = {99B09C1A-1468-490E-8B2F-1ABCEA8B6868}
		{631C1314-08D8-405C-A624-D51FA0C3610D} = {99B09C1A-1468-490E-8B2F-1ABCEA8B6868}
		{1129B94F-3BAD-47B3-BC87-7F176686C57F} = {64BDDDA8-F40F-465B-83BC-295B0A86432E}
		{81243FC1-4E13-4DDE-8DA3-C55051492CFC} = {64BDDDA8-F40F-465B-83BC-295B0A86432E}
		{308DA198-05A4-4934-9B01-E0C02C727BED} = {08981DA8-1288-4B67-87D2-25D021BBFC4B}
		{9797B30F-092A-4A2A-9936-6559AC1AF915} = {64E5006B-9635-4DE2-B03C-5FB77D9E29B3}
		{B152F52C-7F3C-4ACD-95EA-1E67419190F9} = {64E5006B-9635-4DE2-B03C-5FB77D9E29B3}
	EndGlobalSection
	GlobalSection(ExtensibilityGlobals) = postSolution
		EnterpriseLibraryConfigurationToolBinariesPath = packages\EnterpriseLibrary.Common.5.0.505.0\lib\NET35;packages\EnterpriseLibrary.ExceptionHandling.5.0.505.0\lib\NET35;packages\EnterpriseLibrary.Logging.5.0.505.1\lib\NET35;packages\EnterpriseLibrary.ExceptionHandling.Logging.5.0.505.0\lib\NET35;packages\EnterpriseLibrary.Caching.5.0.505.0\lib\NET35;packages\Unity.2.1.505.0\lib\NET35;packages\Unity.Interception.2.1.505.0\lib\NET35
		EnterpriseLibraryConfigurationToolBinariesPathV6 = packages\EnterpriseLibrary.Common.6.0.1304.0\lib\NET45;packages\EnterpriseLibrary.ExceptionHandling.6.0.1304.0\lib\NET45;packages\EnterpriseLibrary.Logging.6.0.1304.0\lib\NET45;packages\EnterpriseLibrary.ExceptionHandling.Logging.6.0.1304.0\lib\NET45;packages\EnterpriseLibrary.Data.6.0.1304.0\lib\NET45
		SolutionGuid = {943471DD-C929-42E6-ABF0-5EE9B6366281}
	EndGlobalSection
	GlobalSection(Performance) = preSolution
		HasPerformanceSessions = true
	EndGlobalSection
EndGlobal
